
Microsoft Visual Studio Solution File, Format Version 12.00
Project("{FAE04EC0-301F-11D3-BF4B-00C04F79EFBC}") = "EfCore.Conventions", "EfCore.Conventions\EfCore.Conventions.csproj", "{A2B71804-4B2D-4199-AB12-67DD453CA92B}"
EndProject
Global
	GlobalSection(SolutionConfigurationPlatforms) = preSolution
		Debug|Any CPU = Debug|Any CPU
		Release|Any CPU = Release|Any CPU
	EndGlobalSection
	GlobalSection(ProjectConfigurationPlatforms) = postSolution
		{A2B71804-4B2D-4199-AB12-67DD453CA92B}.Debug|Any CPU.ActiveCfg = Debug|Any CPU
		{A2B71804-4B2D-4199-AB12-67DD453CA92B}.Debug|Any CPU.Build.0 = Debug|Any CPU
		{A2B71804-4B2D-4199-AB12-67DD453CA92B}.Release|Any CPU.ActiveCfg = Release|Any CPU
		{A2B71804-4B2D-4199-AB12-67DD453CA92B}.Release|Any CPU.Build.0 = Release|Any CPU
	EndGlobalSection
EndGlobal
